
Microsoft Visual Studio Solution File, Format Version 11.00
# Visual Studio 2010
Project("{F184B08F-C81C-45F6-A57F-5ABD9991F28F}") = "ggcAppDriver", "ggcAppDriver.vbproj", "{6FA248F3-A2BA-43DF-BE98-032E11714DB5}"
EndProject
Project("{F184B08F-C81C-45F6-A57F-5ABD9991F28F}") = "SP_Price_Update", "..\..\Utilities\SP_Price_Update\SP_Price_Update.vbproj", "{40490DFF-793F-41AD-9C9C-873F05AF84A3}"
EndProject
Global
	GlobalSection(SolutionConfigurationPlatforms) = preSolution
		Debug|Any CPU = Debug|Any CPU
		Debug|Mixed Platforms = Debug|Mixed Platforms
		Debug|x86 = Debug|x86
		Release|Any CPU = Release|Any CPU
		Release|Mixed Platforms = Release|Mixed Platforms
		Release|x86 = Release|x86
	EndGlobalSection
	GlobalSection(ProjectConfigurationPlatforms) = postSolution
		{6FA248F3-A2BA-43DF-BE98-032E11714DB5}.Debug|Any CPU.ActiveCfg = Debug|Any CPU
		{6FA248F3-A2BA-43DF-BE98-032E11714DB5}.Debug|Any CPU.Build.0 = Debug|Any CPU
		{6FA248F3-A2BA-43DF-BE98-032E11714DB5}.Debug|Mixed Platforms.ActiveCfg = Debug|Any CPU
		{6FA248F3-A2BA-43DF-BE98-032E11714DB5}.Debug|Mixed Platforms.Build.0 = Debug|Any CPU
		{6FA248F3-A2BA-43DF-BE98-032E11714DB5}.Debug|x86.ActiveCfg = Debug|Any CPU
		{6FA248F3-A2BA-43DF-BE98-032E11714DB5}.Release|Any CPU.ActiveCfg = Release|Any CPU
		{6FA248F3-A2BA-43DF-BE98-032E11714DB5}.Release|Any CPU.Build.0 = Release|Any CPU
		{6FA248F3-A2BA-43DF-BE98-032E11714DB5}.Release|Mixed Platforms.ActiveCfg = Release|Any CPU
		{6FA248F3-A2BA-43DF-BE98-032E11714DB5}.Release|Mixed Platforms.Build.0 = Release|Any CPU
		{6FA248F3-A2BA-43DF-BE98-032E11714DB5}.Release|x86.ActiveCfg = Release|Any CPU
		{40490DFF-793F-41AD-9C9C-873F05AF84A3}.Debug|Any CPU.ActiveCfg = Debug|x86
		{40490DFF-793F-41AD-9C9C-873F05AF84A3}.Debug|Mixed Platforms.ActiveCfg = Debug|x86
		{40490DFF-793F-41AD-9C9C-873F05AF84A3}.Debug|Mixed Platforms.Build.0 = Debug|x86
		{40490DFF-793F-41AD-9C9C-873F05AF84A3}.Debug|x86.ActiveCfg = Debug|x86
		{40490DFF-793F-41AD-9C9C-873F05AF84A3}.Debug|x86.Build.0 = Debug|x86
		{40490DFF-793F-41AD-9C9C-873F05AF84A3}.Release|Any CPU.ActiveCfg = Release|x86
		{40490DFF-793F-41AD-9C9C-873F05AF84A3}.Release|Mixed Platforms.ActiveCfg = Release|x86
		{40490DFF-793F-41AD-9C9C-873F05AF84A3}.Release|Mixed Platforms.Build.0 = Release|x86
		{40490DFF-793F-41AD-9C9C-873F05AF84A3}.Release|x86.ActiveCfg = Release|x86
		{40490DFF-793F-41AD-9C9C-873F05AF84A3}.Release|x86.Build.0 = Release|x86
	EndGlobalSection
	GlobalSection(SolutionProperties) = preSolution
		HideSolutionNode = FALSE
	EndGlobalSection
EndGlobal
